
Microsoft Visual Studio Solution File, Format Version 12.00
# Visual Studio 15
VisualStudioVersion = 15.0.28307.329
MinimumVisualStudioVersion = 10.0.40219.1
Project("{FAE04EC0-301F-11D3-BF4B-00C04F79EFBC}") = "OnlineMedical", "OnlineMedical\OnlineMedical.csproj", "{A20CDBFB-A62D-43C8-96DD-7567C5D1CD98}"
EndProject
Global
	GlobalSection(SolutionConfigurationPlatforms) = preSolution
		Debug|Any CPU = Debug|Any CPU
		Release|Any CPU = Release|Any CPU
	EndGlobalSection
	GlobalSection(ProjectConfigurationPlatforms) = postSolution
		{A20CDBFB-A62D-43C8-96DD-7567C5D1CD98}.Debug|Any CPU.ActiveCfg = Debug|Any CPU
		{A20CDBFB-A62D-43C8-96DD-7567C5D1CD98}.Debug|Any CPU.Build.0 = Debug|Any CPU
		{A20CDBFB-A62D-43C8-96DD-7567C5D1CD98}.Release|Any CPU.ActiveCfg = Release|Any CPU
		{A20CDBFB-A62D-43C8-96DD-7567C5D1CD98}.Release|Any CPU.Build.0 = Release|Any CPU
	EndGlobalSection
	GlobalSection(SolutionProperties) = preSolution
		HideSolutionNode = FALSE
	EndGlobalSection
	GlobalSection(ExtensibilityGlobals) = postSolution
		SolutionGuid = {CEE39239-CDC6-4A4B-9288-325B903AAE9E}
	EndGlobalSection
EndGlobal
